
Microsoft Visual Studio Solution File, Format Version 12.00
# Visual Studio 14
VisualStudioVersion = 14.0.25420.1
MinimumVisualStudioVersion = 10.0.40219.1
Project("{FAE04EC0-301F-11D3-BF4B-00C04F79EFBC}") = "mRemoteV1", "mRemoteV1\mRemoteV1.csproj", "{4934A491-40BC-4E5B-9166-EA1169A220F6}"
EndProject
Project("{FAE04EC0-301F-11D3-BF4B-00C04F79EFBC}") = "mRemoteNGTests", "mRemoteNGTests\mRemoteNGTests.csproj", "{1453B37F-8621-499E-B0B2-6091F76DC0BB}"
EndProject
Global
	GlobalSection(SolutionConfigurationPlatforms) = preSolution
		Debug Portable|x86 = Debug Portable|x86
		Debug|x86 = Debug|x86
		Release Portable|x86 = Release Portable|x86
		Release|x86 = Release|x86
	EndGlobalSection
	GlobalSection(ProjectConfigurationPlatforms) = postSolution
		{4934A491-40BC-4E5B-9166-EA1169A220F6}.Debug Portable|x86.ActiveCfg = Debug Portable|x86
		{4934A491-40BC-4E5B-9166-EA1169A220F6}.Debug Portable|x86.Build.0 = Debug Portable|x86
		{4934A491-40BC-4E5B-9166-EA1169A220F6}.Debug|x86.ActiveCfg = Debug|x86
		{4934A491-40BC-4E5B-9166-EA1169A220F6}.Debug|x86.Build.0 = Debug|x86
		{4934A491-40BC-4E5B-9166-EA1169A220F6}.Release Portable|x86.ActiveCfg = Release Portable|x86
		{4934A491-40BC-4E5B-9166-EA1169A220F6}.Release Portable|x86.Build.0 = Release Portable|x86
		{4934A491-40BC-4E5B-9166-EA1169A220F6}.Release|x86.ActiveCfg = Release|x86
		{4934A491-40BC-4E5B-9166-EA1169A220F6}.Release|x86.Build.0 = Release|x86
		{1453B37F-8621-499E-B0B2-6091F76DC0BB}.Debug Portable|x86.ActiveCfg = Debug Portable|x86
		{1453B37F-8621-499E-B0B2-6091F76DC0BB}.Debug Portable|x86.Build.0 = Debug Portable|x86
		{1453B37F-8621-499E-B0B2-6091F76DC0BB}.Debug|x86.ActiveCfg = Debug|x86
		{1453B37F-8621-499E-B0B2-6091F76DC0BB}.Debug|x86.Build.0 = Debug|x86
		{1453B37F-8621-499E-B0B2-6091F76DC0BB}.Release Portable|x86.ActiveCfg = Release Portable|x86
		{1453B37F-8621-499E-B0B2-6091F76DC0BB}.Release Portable|x86.Build.0 = Release Portable|x86
		{1453B37F-8621-499E-B0B2-6091F76DC0BB}.Release|x86.ActiveCfg = Release|x86
		{1453B37F-8621-499E-B0B2-6091F76DC0BB}.Release|x86.Build.0 = Release|x86
	EndGlobalSection
	GlobalSection(SolutionProperties) = preSolution
		HideSolutionNode = FALSE
	EndGlobalSection
EndGlobal
